
Microsoft Visual Studio Solution File, Format Version 12.00
# Visual Studio 15
VisualStudioVersion = 15.0.28307.136
MinimumVisualStudioVersion = 10.0.40219.1
Project("{FAE04EC0-301F-11D3-BF4B-00C04F79EFBC}") = "WebApplication1", "WebApplication1\WebApplication1.csproj", "{1A048CE3-6C00-4010-B5CF-226366CF97FD}"
EndProject
Global
	GlobalSection(SolutionConfigurationPlatforms) = preSolution
		Debug|Any CPU = Debug|Any CPU
		Release|Any CPU = Release|Any CPU
	EndGlobalSection
	GlobalSection(ProjectConfigurationPlatforms) = postSolution
		{1A048CE3-6C00-4010-B5CF-226366CF97FD}.Debug|Any CPU.ActiveCfg = Debug|Any CPU
		{1A048CE3-6C00-4010-B5CF-226366CF97FD}.Debug|Any CPU.Build.0 = Debug|Any CPU
		{1A048CE3-6C00-4010-B5CF-226366CF97FD}.Release|Any CPU.ActiveCfg = Release|Any CPU
		{1A048CE3-6C00-4010-B5CF-226366CF97FD}.Release|Any CPU.Build.0 = Release|Any CPU
	EndGlobalSection
	GlobalSection(SolutionProperties) = preSolution
		HideSolutionNode = FALSE
	EndGlobalSection
	GlobalSection(ExtensibilityGlobals) = postSolution
		SolutionGuid = {CE73AF35-98C9-445A-8CCA-0583F9A8813B}
	EndGlobalSection
EndGlobal
